PODS:
  - babble_sdk (0.0.1):
    - BabbleiOS (= 0.0.24)
    - Flutter
  - BabbleiOS (0.0.24)
  - Flutter (1.0.0)

DEPENDENCIES:
  - babble_sdk (from `.symlinks/plugins/babble_sdk/ios`)
  - Flutter (from `Flutter`)

SPEC REPOS:
  trunk:
    - BabbleiOS

EXTERNAL SOURCES:
  babble_sdk:
    :path: ".symlinks/plugins/babble_sdk/ios"
  Flutter:
    :path: Flutter

SPEC CHECKSUMS:
  babble_sdk: 3e4e23a81565958b3cf7f2843fd078e7b0ff7e5b
  BabbleiOS: 34a06a6f45e8dd8fc65af680924d49f6b9846e40
  Flutter: f04841e97a9d0b0a8025694d0796dd46242b2854

PODFILE CHECKSUM: 7368163408c647b7eb699d0d788ba6718e18fb8d

COCOAPODS: 1.12.1
