PODS:
  - babble_sdk (0.0.1):
    - BabbleiOS (= 0.0.22)
    - Flutter
  - BabbleiOS (0.0.22)
  - Flutter (1.0.0)

DEPENDENCIES:
  - babble_sdk (from `.symlinks/plugins/babble_sdk/ios`)
  - Flutter (from `Flutter`)

SPEC REPOS:
  trunk:
    - BabbleiOS

EXTERNAL SOURCES:
  babble_sdk:
    :path: ".symlinks/plugins/babble_sdk/ios"
  Flutter:
    :path: Flutter

SPEC CHECKSUMS:
  babble_sdk: 791a9a90610cf944992a231aa4d5151ea6234ef3
  BabbleiOS: 5d9140c5a0095179beafc550be8fa28aa96ea15d
  Flutter: f04841e97a9d0b0a8025694d0796dd46242b2854

PODFILE CHECKSUM: 7368163408c647b7eb699d0d788ba6718e18fb8d

COCOAPODS: 1.12.1
