PODS:
  - babble_sdk (0.0.1):
    - BabbleiOS (= 0.0.19)
    - Flutter
  - BabbleiOS (0.0.19)
  - Flutter (1.0.0)

DEPENDENCIES:
  - babble_sdk (from `.symlinks/plugins/babble_sdk/ios`)
  - Flutter (from `Flutter`)

SPEC REPOS:
  trunk:
    - BabbleiOS

EXTERNAL SOURCES:
  babble_sdk:
    :path: ".symlinks/plugins/babble_sdk/ios"
  Flutter:
    :path: Flutter

SPEC CHECKSUMS:
  babble_sdk: e77c4272cc1f8ca32453375fe64f00e64b5379d1
  BabbleiOS: 9f25b4cd56d35dd5604411085ef393a2b7a708f1
  Flutter: f04841e97a9d0b0a8025694d0796dd46242b2854

PODFILE CHECKSUM: 7368163408c647b7eb699d0d788ba6718e18fb8d

COCOAPODS: 1.12.1
